
Microsoft Visual Studio Solution File, Format Version 12.00
Project("{FAE04EC0-301F-11D3-BF4B-00C04F79EFBC}") = "ETWHost", "ETWHost\ETWHost.csproj", "{F273A075-CC88-41B5-9ABE-E183FA9622AA}"
EndProject
Project("{FAE04EC0-301F-11D3-BF4B-00C04F79EFBC}") = "ETWHost.Core", "ETWHost.Core\ETWHost.Core.csproj", "{7DADA276-A98A-4C19-A170-A7ACE1842299}"
EndProject
Project("{FAE04EC0-301F-11D3-BF4B-00C04F79EFBC}") = "ETWHost.Test", "ETWHost.Test\ETWHost.Test.csproj", "{8F10B0A2-1854-4223-BB88-D5639550757C}"
EndProject
Global
	GlobalSection(SolutionConfigurationPlatforms) = preSolution
		Debug|Any CPU = Debug|Any CPU
		Release|Any CPU = Release|Any CPU
	EndGlobalSection
	GlobalSection(ProjectConfigurationPlatforms) = postSolution
		{F273A075-CC88-41B5-9ABE-E183FA9622AA}.Debug|Any CPU.ActiveCfg = Debug|Any CPU
		{F273A075-CC88-41B5-9ABE-E183FA9622AA}.Debug|Any CPU.Build.0 = Debug|Any CPU
		{F273A075-CC88-41B5-9ABE-E183FA9622AA}.Release|Any CPU.ActiveCfg = Release|Any CPU
		{F273A075-CC88-41B5-9ABE-E183FA9622AA}.Release|Any CPU.Build.0 = Release|Any CPU
		{7DADA276-A98A-4C19-A170-A7ACE1842299}.Debug|Any CPU.ActiveCfg = Debug|Any CPU
		{7DADA276-A98A-4C19-A170-A7ACE1842299}.Debug|Any CPU.Build.0 = Debug|Any CPU
		{7DADA276-A98A-4C19-A170-A7ACE1842299}.Release|Any CPU.ActiveCfg = Release|Any CPU
		{7DADA276-A98A-4C19-A170-A7ACE1842299}.Release|Any CPU.Build.0 = Release|Any CPU
		{8F10B0A2-1854-4223-BB88-D5639550757C}.Debug|Any CPU.ActiveCfg = Debug|Any CPU
		{8F10B0A2-1854-4223-BB88-D5639550757C}.Debug|Any CPU.Build.0 = Debug|Any CPU
		{8F10B0A2-1854-4223-BB88-D5639550757C}.Release|Any CPU.ActiveCfg = Release|Any CPU
		{8F10B0A2-1854-4223-BB88-D5639550757C}.Release|Any CPU.Build.0 = Release|Any CPU
	EndGlobalSection
EndGlobal
